
Microsoft Visual Studio Solution File, Format Version 12.00
# Visual Studio Version 17
VisualStudioVersion = 17.0.31919.166
MinimumVisualStudioVersion = 10.0.40219.1
Project("{FAE04EC0-301F-11D3-BF4B-00C04F79EFBC}") = "Quiz game", "Quiz game\Quiz game.csproj", "{73D76728-684E-4EE6-A3FF-EE918A1EACE9}"
EndProject
Global
	GlobalSection(SolutionConfigurationPlatforms) = preSolution
		Debug|Any CPU = Debug|Any CPU
		Release|Any CPU = Release|Any CPU
	EndGlobalSection
	GlobalSection(ProjectConfigurationPlatforms) = postSolution
		{73D76728-684E-4EE6-A3FF-EE918A1EACE9}.Debug|Any CPU.ActiveCfg = Debug|Any CPU
		{73D76728-684E-4EE6-A3FF-EE918A1EACE9}.Debug|Any CPU.Build.0 = Debug|Any CPU
		{73D76728-684E-4EE6-A3FF-EE918A1EACE9}.Release|Any CPU.ActiveCfg = Release|Any CPU
		{73D76728-684E-4EE6-A3FF-EE918A1EACE9}.Release|Any CPU.Build.0 = Release|Any CPU
	EndGlobalSection
	GlobalSection(SolutionProperties) = preSolution
		HideSolutionNode = FALSE
	EndGlobalSection
	GlobalSection(ExtensibilityGlobals) = postSolution
		SolutionGuid = {A4349FF9-48CD-47F8-885A-CD616A3D258F}
	EndGlobalSection
EndGlobal
